
Microsoft Visual Studio Solution File, Format Version 12.00
# Visual Studio Version 17
VisualStudioVersion = 17.6.33712.159
MinimumVisualStudioVersion = 10.0.40219.1
Project("{FAE04EC0-301F-11D3-BF4B-00C04F79EFBC}") = "StarsDucks", "StarsDucks\StarsDucks.csproj", "{070EE409-1610-4623-98B5-DFD9601BC443}"
EndProject
Global
	GlobalSection(SolutionConfigurationPlatforms) = preSolution
		Debug|Any CPU = Debug|Any CPU
		Release|Any CPU = Release|Any CPU
	EndGlobalSection
	GlobalSection(ProjectConfigurationPlatforms) = postSolution
		{070EE409-1610-4623-98B5-DFD9601BC443}.Debug|Any CPU.ActiveCfg = Debug|Any CPU
		{070EE409-1610-4623-98B5-DFD9601BC443}.Debug|Any CPU.Build.0 = Debug|Any CPU
		{070EE409-1610-4623-98B5-DFD9601BC443}.Release|Any CPU.ActiveCfg = Release|Any CPU
		{070EE409-1610-4623-98B5-DFD9601BC443}.Release|Any CPU.Build.0 = Release|Any CPU
	EndGlobalSection
	GlobalSection(SolutionProperties) = preSolution
		HideSolutionNode = FALSE
	EndGlobalSection
	GlobalSection(ExtensibilityGlobals) = postSolution
		SolutionGuid = {B36E78CC-AF18-49A5-9915-B5615FB1BA27}
	EndGlobalSection
EndGlobal
